
Microsoft Visual Studio Solution File, Format Version 12.00
# Visual Studio 2012
Project("{FAE04EC0-301F-11D3-BF4B-00C04F79EFBC}") = "XStateMachine.Core", "XStateMachine.Core\XStateMachine.Core.csproj", "{DD668884-6206-4254-8256-BCCFDAACC977}"
EndProject
Project("{FAE04EC0-301F-11D3-BF4B-00C04F79EFBC}") = "XStateMachine.Tests", "XStateMachine.Tests\XStateMachine.Tests.csproj", "{20DC8772-6FF7-4075-8F1A-80AA3C2D4F53}"
EndProject
Global
	GlobalSection(SolutionConfigurationPlatforms) = preSolution
		Debug|Any CPU = Debug|Any CPU
		Release|Any CPU = Release|Any CPU
	EndGlobalSection
	GlobalSection(ProjectConfigurationPlatforms) = postSolution
		{20DC8772-6FF7-4075-8F1A-80AA3C2D4F53}.Debug|Any CPU.ActiveCfg = Debug|Any CPU
		{20DC8772-6FF7-4075-8F1A-80AA3C2D4F53}.Debug|Any CPU.Build.0 = Debug|Any CPU
		{20DC8772-6FF7-4075-8F1A-80AA3C2D4F53}.Release|Any CPU.ActiveCfg = Release|Any CPU
		{20DC8772-6FF7-4075-8F1A-80AA3C2D4F53}.Release|Any CPU.Build.0 = Release|Any CPU
		{DD668884-6206-4254-8256-BCCFDAACC977}.Debug|Any CPU.ActiveCfg = Debug|Any CPU
		{DD668884-6206-4254-8256-BCCFDAACC977}.Debug|Any CPU.Build.0 = Debug|Any CPU
		{DD668884-6206-4254-8256-BCCFDAACC977}.Release|Any CPU.ActiveCfg = Release|Any CPU
		{DD668884-6206-4254-8256-BCCFDAACC977}.Release|Any CPU.Build.0 = Release|Any CPU
	EndGlobalSection
	GlobalSection(MonoDevelopProperties) = preSolution
		StartupItem = XStateMachine.Tests\XStateMachine.Tests.csproj
	EndGlobalSection
EndGlobal
